
Microsoft Visual Studio Solution File, Format Version 12.00
# Visual Studio Version 16
VisualStudioVersion = 16.0.30114.105
MinimumVisualStudioVersion = 10.0.40219.1
Project("{FAE04EC0-301F-11D3-BF4B-00C04F79EFBC}") = "ProEventos.Application", "ProEventos.Application\ProEventos.Application.csproj", "{6A5D4B2F-8273-4E07-B172-D65DC1C9A053}"
EndProject
Project("{FAE04EC0-301F-11D3-BF4B-00C04F79EFBC}") = "ProEventos.Domain", "ProEventos.Domain\ProEventos.Domain.csproj", "{944C3A92-F589-4C5F-9F54-841392B0EF28}"
EndProject
Project("{FAE04EC0-301F-11D3-BF4B-00C04F79EFBC}") = "ProEventos.Persistence", "ProEventos.Persistence\ProEventos.Persistence.csproj", "{06CB81B2-3F44-4FC4-A5A6-824DDE2C5A1B}"
EndProject
Project("{FAE04EC0-301F-11D3-BF4B-00C04F79EFBC}") = "ProEvento.API", "ProEvento.API\ProEvento.API.csproj", "{C293C351-F315-4128-83FF-B52E1FB731BC}"
EndProject
Global
	GlobalSection(SolutionConfigurationPlatforms) = preSolution
		Debug|Any CPU = Debug|Any CPU
		Debug|x64 = Debug|x64
		Debug|x86 = Debug|x86
		Release|Any CPU = Release|Any CPU
		Release|x64 = Release|x64
		Release|x86 = Release|x86
	EndGlobalSection
	GlobalSection(SolutionProperties) = preSolution
		HideSolutionNode = FALSE
	EndGlobalSection
	GlobalSection(ProjectConfigurationPlatforms) = postSolution
		{6A5D4B2F-8273-4E07-B172-D65DC1C9A053}.Debug|Any CPU.ActiveCfg = Debug|Any CPU
		{6A5D4B2F-8273-4E07-B172-D65DC1C9A053}.Debug|Any CPU.Build.0 = Debug|Any CPU
		{6A5D4B2F-8273-4E07-B172-D65DC1C9A053}.Debug|x64.ActiveCfg = Debug|Any CPU
		{6A5D4B2F-8273-4E07-B172-D65DC1C9A053}.Debug|x64.Build.0 = Debug|Any CPU
		{6A5D4B2F-8273-4E07-B172-D65DC1C9A053}.Debug|x86.ActiveCfg = Debug|Any CPU
		{6A5D4B2F-8273-4E07-B172-D65DC1C9A053}.Debug|x86.Build.0 = Debug|Any CPU
		{6A5D4B2F-8273-4E07-B172-D65DC1C9A053}.Release|Any CPU.ActiveCfg = Release|Any CPU
		{6A5D4B2F-8273-4E07-B172-D65DC1C9A053}.Release|Any CPU.Build.0 = Release|Any CPU
		{6A5D4B2F-8273-4E07-B172-D65DC1C9A053}.Release|x64.ActiveCfg = Release|Any CPU
		{6A5D4B2F-8273-4E07-B172-D65DC1C9A053}.Release|x64.Build.0 = Release|Any CPU
		{6A5D4B2F-8273-4E07-B172-D65DC1C9A053}.Release|x86.ActiveCfg = Release|Any CPU
		{6A5D4B2F-8273-4E07-B172-D65DC1C9A053}.Release|x86.Build.0 = Release|Any CPU
		{944C3A92-F589-4C5F-9F54-841392B0EF28}.Debug|Any CPU.ActiveCfg = Debug|Any CPU
		{944C3A92-F589-4C5F-9F54-841392B0EF28}.Debug|Any CPU.Build.0 = Debug|Any CPU
		{944C3A92-F589-4C5F-9F54-841392B0EF28}.Debug|x64.ActiveCfg = Debug|Any CPU
		{944C3A92-F589-4C5F-9F54-841392B0EF28}.Debug|x64.Build.0 = Debug|Any CPU
		{944C3A92-F589-4C5F-9F54-841392B0EF28}.Debug|x86.ActiveCfg = Debug|Any CPU
		{944C3A92-F589-4C5F-9F54-841392B0EF28}.Debug|x86.Build.0 = Debug|Any CPU
		{944C3A92-F589-4C5F-9F54-841392B0EF28}.Release|Any CPU.ActiveCfg = Release|Any CPU
		{944C3A92-F589-4C5F-9F54-841392B0EF28}.Release|Any CPU.Build.0 = Release|Any CPU
		{944C3A92-F589-4C5F-9F54-841392B0EF28}.Release|x64.ActiveCfg = Release|Any CPU
		{944C3A92-F589-4C5F-9F54-841392B0EF28}.Release|x64.Build.0 = Release|Any CPU
		{944C3A92-F589-4C5F-9F54-841392B0EF28}.Release|x86.ActiveCfg = Release|Any CPU
		{944C3A92-F589-4C5F-9F54-841392B0EF28}.Release|x86.Build.0 = Release|Any CPU
		{06CB81B2-3F44-4FC4-A5A6-824DDE2C5A1B}.Debug|Any CPU.ActiveCfg = Debug|Any CPU
		{06CB81B2-3F44-4FC4-A5A6-824DDE2C5A1B}.Debug|Any CPU.Build.0 = Debug|Any CPU
		{06CB81B2-3F44-4FC4-A5A6-824DDE2C5A1B}.Debug|x64.ActiveCfg = Debug|Any CPU
		{06CB81B2-3F44-4FC4-A5A6-824DDE2C5A1B}.Debug|x64.Build.0 = Debug|Any CPU
		{06CB81B2-3F44-4FC4-A5A6-824DDE2C5A1B}.Debug|x86.ActiveCfg = Debug|Any CPU
		{06CB81B2-3F44-4FC4-A5A6-824DDE2C5A1B}.Debug|x86.Build.0 = Debug|Any CPU
		{06CB81B2-3F44-4FC4-A5A6-824DDE2C5A1B}.Release|Any CPU.ActiveCfg = Release|Any CPU
		{06CB81B2-3F44-4FC4-A5A6-824DDE2C5A1B}.Release|Any CPU.Build.0 = Release|Any CPU
		{06CB81B2-3F44-4FC4-A5A6-824DDE2C5A1B}.Release|x64.ActiveCfg = Release|Any CPU
		{06CB81B2-3F44-4FC4-A5A6-824DDE2C5A1B}.Release|x64.Build.0 = Release|Any CPU
		{06CB81B2-3F44-4FC4-A5A6-824DDE2C5A1B}.Release|x86.ActiveCfg = Release|Any CPU
		{06CB81B2-3F44-4FC4-A5A6-824DDE2C5A1B}.Release|x86.Build.0 = Release|Any CPU
		{C293C351-F315-4128-83FF-B52E1FB731BC}.Debug|Any CPU.ActiveCfg = Debug|Any CPU
		{C293C351-F315-4128-83FF-B52E1FB731BC}.Debug|Any CPU.Build.0 = Debug|Any CPU
		{C293C351-F315-4128-83FF-B52E1FB731BC}.Debug|x64.ActiveCfg = Debug|Any CPU
		{C293C351-F315-4128-83FF-B52E1FB731BC}.Debug|x64.Build.0 = Debug|Any CPU
		{C293C351-F315-4128-83FF-B52E1FB731BC}.Debug|x86.ActiveCfg = Debug|Any CPU
		{C293C351-F315-4128-83FF-B52E1FB731BC}.Debug|x86.Build.0 = Debug|Any CPU
		{C293C351-F315-4128-83FF-B52E1FB731BC}.Release|Any CPU.ActiveCfg = Release|Any CPU
		{C293C351-F315-4128-83FF-B52E1FB731BC}.Release|Any CPU.Build.0 = Release|Any CPU
		{C293C351-F315-4128-83FF-B52E1FB731BC}.Release|x64.ActiveCfg = Release|Any CPU
		{C293C351-F315-4128-83FF-B52E1FB731BC}.Release|x64.Build.0 = Release|Any CPU
		{C293C351-F315-4128-83FF-B52E1FB731BC}.Release|x86.ActiveCfg = Release|Any CPU
		{C293C351-F315-4128-83FF-B52E1FB731BC}.Release|x86.Build.0 = Release|Any CPU
	EndGlobalSection
EndGlobal
